Microsoft Visual Studio Solution File, Format Version 12.00
# Visual Studio Version 17
VisualStudioVersion = 17.5.2.0
MinimumVisualStudioVersion = 10.0.40219.1
Project("{FAE04EC0-301F-11D3-BF4B-00C04F79EFBC}") = "Roslyn.Compilers.Extension", "Extension\Roslyn.Compilers.Extension.csproj", "{7ECD6040-D0EF-276D-6C6E-606198D8AEAD}"
EndProject
Project("{2150E333-8FDC-42A3-9474-1A3956D46DE8}") = "Core", "Core", "{FBF56CC3-7AE6-AD2D-3F14-7F97FD322CD6}"
EndProject
Project("{2150E333-8FDC-42A3-9474-1A3956D46DE8}") = "CSharp", "CSharp", "{B41BF331-FCCB-2ADF-CDB6-767964B34647}"
EndProject
Project("{2150E333-8FDC-42A3-9474-1A3956D46DE8}") = "Server", "Server", "{DAD03CFC-D5FA-AC94-41C7-9ABAB326F09E}"
EndProject
Project("{2150E333-8FDC-42A3-9474-1A3956D46DE8}") = "Test", "Test", "{0C88DD14-F956-CE84-757C-A364CCF449FC}"
EndProject
Project("{2150E333-8FDC-42A3-9474-1A3956D46DE8}") = "VisualBasic", "VisualBasic", "{C993A330-B3FD-3C3C-1CAC-095AB00BEE2A}"
EndProject
Project("{FAE04EC0-301F-11D3-BF4B-00C04F79EFBC}") = "Microsoft.CodeAnalysis.UnitTests", "Core\CodeAnalysisTest\Microsoft.CodeAnalysis.UnitTests.csproj", "{B117D891-DB1C-06F8-F599-59598560C885}"
EndProject
Project("{FAE04EC0-301F-11D3-BF4B-00C04F79EFBC}") = "Microsoft.Build.Tasks.CodeAnalysis", "Core\MSBuildTask\Microsoft.Build.Tasks.CodeAnalysis.csproj", "{8DD65F5A-2721-622F-04D1-E55E9D8195E2}"
EndProject
Project("{FAE04EC0-301F-11D3-BF4B-00C04F79EFBC}") = "Microsoft.Build.Tasks.CodeAnalysis.UnitTests", "Core\MSBuildTaskTests\Microsoft.Build.Tasks.CodeAnalysis.UnitTests.csproj", "{8CB8ABE5-395A-9DAA-D8E2-63D1215E6318}"
EndProject
Project("{FAE04EC0-301F-11D3-BF4B-00C04F79EFBC}") = "Microsoft.CodeAnalysis", "Core\Portable\Microsoft.CodeAnalysis.csproj", "{99735083-A836-0C05-BCDF-F5DAF47BA788}"
EndProject
Project("{FAE04EC0-301F-11D3-BF4B-00C04F79EFBC}") = "Microsoft.CodeAnalysis.Rebuild", "Core\Rebuild\Microsoft.CodeAnalysis.Rebuild.csproj", "{771F9434-55BF-3C4A-DDF0-DD5E37A946B5}"
EndProject
Project("{FAE04EC0-301F-11D3-BF4B-00C04F79EFBC}") = "Microsoft.CodeAnalysis.Rebuild.UnitTests", "Core\RebuildTest\Microsoft.CodeAnalysis.Rebuild.UnitTests.csproj", "{B3975B25-FF93-892D-0D17-76AA59F6D185}"
EndProject
Project("{FAE04EC0-301F-11D3-BF4B-00C04F79EFBC}") = "Microsoft.CodeAnalysis.CSharp", "CSharp\Portable\Microsoft.CodeAnalysis.CSharp.csproj", "{B6EACCE7-1A38-79AC-5B8E-C974450D57A8}"
EndProject
Project("{FAE04EC0-301F-11D3-BF4B-00C04F79EFBC}") = "VBCSCompiler.UnitTests", "Server\VBCSCompilerTests\VBCSCompiler.UnitTests.csproj", "{D4B1E651-E10F-CC27-22C4-015CE4848A52}"
EndProject
Project("{FAE04EC0-301F-11D3-BF4B-00C04F79EFBC}") = "Microsoft.CodeAnalysis.Test.Utilities", "Test\Core\Microsoft.CodeAnalysis.Test.Utilities.csproj", "{7BDF3EB9-8C7E-3347-69A7-8E888E6A5FAA}"
EndProject
Project("{2150E333-8FDC-42A3-9474-1A3956D46DE8}") = "csc", "csc", "{431BC4C1-7688-5450-08FD-B7E90ACBDCF4}"
EndProject
Project("{FAE04EC0-301F-11D3-BF4B-00C04F79EFBC}") = "csc", "CSharp\csc\AnyCpu\csc.csproj", "{B591F924-CEE9-BFF9-42F4-08F3642DB773}"
EndProject
Project("{FAE04EC0-301F-11D3-BF4B-00C04F79EFBC}") = "csc-arm64", "CSharp\csc\arm64\csc-arm64.csproj", "{DBBD80FC-1687-8A0C-0B60-846E8C39610C}"
EndProject
Project("{2150E333-8FDC-42A3-9474-1A3956D46DE8}") = "Test", "Test", "{1C39F4A0-BCD4-AEEB-129F-1F504D22E0B6}"
EndProject
Project("{FAE04EC0-301F-11D3-BF4B-00C04F79EFBC}") = "Microsoft.CodeAnalysis.CSharp.CommandLine.UnitTests", "CSharp\Test\CommandLine\Microsoft.CodeAnalysis.CSharp.CommandLine.UnitTests.csproj", "{2B82E34A-F535-9622-69C8-0699247EB64E}"
EndProject
Project("{FAE04EC0-301F-11D3-BF4B-00C04F79EFBC}") = "Microsoft.CodeAnalysis.CSharp.Emit.UnitTests", "CSharp\Test\Emit\Microsoft.CodeAnalysis.CSharp.Emit.UnitTests.csproj", "{952E1CDB-1140-9DA1-3198-9F68B5E2FB5A}"
EndProject
Project("{FAE04EC0-301F-11D3-BF4B-00C04F79EFBC}") = "Microsoft.CodeAnalysis.CSharp.Emit2.UnitTests", "CSharp\Test\Emit2\Microsoft.CodeAnalysis.CSharp.Emit2.UnitTests.csproj", "{9FFA4716-3BC0-247B-222E-3FA816EEC67E}"
EndProject
Project("{FAE04EC0-301F-11D3-BF4B-00C04F79EFBC}") = "Microsoft.CodeAnalysis.CSharp.Emit3.UnitTests", "CSharp\Test\Emit3\Microsoft.CodeAnalysis.CSharp.Emit3.UnitTests.csproj", "{8810B5B3-8627-313C-468C-EE866FDF7E14}"
EndProject
Project("{FAE04EC0-301F-11D3-BF4B-00C04F79EFBC}") = "Microsoft.CodeAnalysis.CSharp.EndToEnd.UnitTests", "CSharp\Test\EndToEnd\Microsoft.CodeAnalysis.CSharp.EndToEnd.UnitTests.csproj", "{2B3407B6-D8ED-B1EE-A39A-49C2FEEE6674}"
EndProject
Project("{FAE04EC0-301F-11D3-BF4B-00C04F79EFBC}") = "Microsoft.CodeAnalysis.CSharp.IOperation.UnitTests", "CSharp\Test\IOperation\Microsoft.CodeAnalysis.CSharp.IOperation.UnitTests.csproj", "{58BD297D-6AA6-ED4F-979B-C9342F554883}"
EndProject
Project("{FAE04EC0-301F-11D3-BF4B-00C04F79EFBC}") = "Microsoft.CodeAnalysis.CSharp.Semantic.UnitTests", "CSharp\Test\Semantic\Microsoft.CodeAnalysis.CSharp.Semantic.UnitTests.csproj", "{C1D1CEF3-22D9-37F1-3D2A-5660ABF701B4}"
EndProject
Project("{FAE04EC0-301F-11D3-BF4B-00C04F79EFBC}") = "Microsoft.CodeAnalysis.CSharp.Symbol.UnitTests", "CSharp\Test\Symbol\Microsoft.CodeAnalysis.CSharp.Symbol.UnitTests.csproj", "{D4156FAC-BA32-B62B-2BF4-3805A7A8D4B1}"
EndProject
Project("{FAE04EC0-301F-11D3-BF4B-00C04F79EFBC}") = "Microsoft.CodeAnalysis.CSharp.Syntax.UnitTests", "CSharp\Test\Syntax\Microsoft.CodeAnalysis.CSharp.Syntax.UnitTests.csproj", "{3EA9007A-D27C-FA84-B05C-73F8426AA35D}"
EndProject
Project("{FAE04EC0-301F-11D3-BF4B-00C04F79EFBC}") = "Microsoft.CodeAnalysis.CSharp.WinRT.UnitTests", "CSharp\Test\WinRT\Microsoft.CodeAnalysis.CSharp.WinRT.UnitTests.csproj", "{7B6B9DE1-085B-092A-63DF-0E3C6BC3BE18}"
EndProject
Project("{2150E333-8FDC-42A3-9474-1A3956D46DE8}") = "VBCSCompiler", "VBCSCompiler", "{66F6481F-7247-0BB0-F72D-20705F77D403}"
EndProject
Project("{FAE04EC0-301F-11D3-BF4B-00C04F79EFBC}") = "VBCSCompiler", "Server\VBCSCompiler\AnyCpu\VBCSCompiler.csproj", "{B06D6719-CB9D-0A1E-4927-AFDE022D199B}"
EndProject
Project("{FAE04EC0-301F-11D3-BF4B-00C04F79EFBC}") = "VBCSCompiler-arm64", "Server\VBCSCompiler\arm64\VBCSCompiler-arm64.csproj", "{506C17A8-FA71-F240-E6B9-BE0A20D411C9}"
EndProject
Project("{2150E333-8FDC-42A3-9474-1A3956D46DE8}") = "Resources", "Resources", "{EF7103B4-4C75-1E6D-A485-A154A88D107A}"
EndProject
Project("{FAE04EC0-301F-11D3-BF4B-00C04F79EFBC}") = "Microsoft.CodeAnalysis.Compiler.Test.Resources", "Test\Resources\Core\Microsoft.CodeAnalysis.Compiler.Test.Resources.csproj", "{DF8EC6BB-0D77-BB1F-00B4-733700080643}"
EndProject
Project("{2150E333-8FDC-42A3-9474-1A3956D46DE8}") = "Utilities", "Utilities", "{E99613DC-243F-05A6-3C9B-06BF4C0D559E}"
EndProject
Project("{FAE04EC0-301F-11D3-BF4B-00C04F79EFBC}") = "Microsoft.CodeAnalysis.CSharp.Test.Utilities", "Test\Utilities\CSharp\Microsoft.CodeAnalysis.CSharp.Test.Utilities.csproj", "{2C9BB70E-7140-1428-BF9A-31D98438E681}"
EndProject
Project("{2150E333-8FDC-42A3-9474-1A3956D46DE8}") = "vbc", "vbc", "{BD3D3D81-E5C6-D317-FCB5-961545C576B1}"
EndProject
Project("{FAE04EC0-301F-11D3-BF4B-00C04F79EFBC}") = "vbc", "VisualBasic\vbc\AnyCpu\vbc.csproj", "{1168DD12-F202-3877-869A-5B66433CA5F4}"
EndProject
Project("{FAE04EC0-301F-11D3-BF4B-00C04F79EFBC}") = "vbc-arm64", "VisualBasic\vbc\arm64\vbc-arm64.csproj", "{28D3C6A8-C50B-6138-7AD5-A69967CF071B}"
EndProject
Global
	GlobalSection(SolutionConfigurationPlatforms) = preSolution
		Debug|Any CPU = Debug|Any CPU
		Release|Any CPU = Release|Any CPU
	EndGlobalSection
	GlobalSection(ProjectConfigurationPlatforms) = postSolution
		{7ECD6040-D0EF-276D-6C6E-606198D8AEAD}.Debug|Any CPU.ActiveCfg = Debug|Any CPU
		{7ECD6040-D0EF-276D-6C6E-606198D8AEAD}.Debug|Any CPU.Build.0 = Debug|Any CPU
		{7ECD6040-D0EF-276D-6C6E-606198D8AEAD}.Release|Any CPU.ActiveCfg = Release|Any CPU
		{7ECD6040-D0EF-276D-6C6E-606198D8AEAD}.Release|Any CPU.Build.0 = Release|Any CPU
		{B117D891-DB1C-06F8-F599-59598560C885}.Debug|Any CPU.ActiveCfg = Debug|Any CPU
		{B117D891-DB1C-06F8-F599-59598560C885}.Debug|Any CPU.Build.0 = Debug|Any CPU
		{B117D891-DB1C-06F8-F599-59598560C885}.Release|Any CPU.ActiveCfg = Release|Any CPU
		{B117D891-DB1C-06F8-F599-59598560C885}.Release|Any CPU.Build.0 = Release|Any CPU
		{8DD65F5A-2721-622F-04D1-E55E9D8195E2}.Debug|Any CPU.ActiveCfg = Debug|Any CPU
		{8DD65F5A-2721-622F-04D1-E55E9D8195E2}.Debug|Any CPU.Build.0 = Debug|Any CPU
		{8DD65F5A-2721-622F-04D1-E55E9D8195E2}.Release|Any CPU.ActiveCfg = Release|Any CPU
		{8DD65F5A-2721-622F-04D1-E55E9D8195E2}.Release|Any CPU.Build.0 = Release|Any CPU
		{8CB8ABE5-395A-9DAA-D8E2-63D1215E6318}.Debug|Any CPU.ActiveCfg = Debug|Any CPU
		{8CB8ABE5-395A-9DAA-D8E2-63D1215E6318}.Debug|Any CPU.Build.0 = Debug|Any CPU
		{8CB8ABE5-395A-9DAA-D8E2-63D1215E6318}.Release|Any CPU.ActiveCfg = Release|Any CPU
		{8CB8ABE5-395A-9DAA-D8E2-63D1215E6318}.Release|Any CPU.Build.0 = Release|Any CPU
		{99735083-A836-0C05-BCDF-F5DAF47BA788}.Debug|Any CPU.ActiveCfg = Debug|Any CPU
		{99735083-A836-0C05-BCDF-F5DAF47BA788}.Debug|Any CPU.Build.0 = Debug|Any CPU
		{99735083-A836-0C05-BCDF-F5DAF47BA788}.Release|Any CPU.ActiveCfg = Release|Any CPU
		{99735083-A836-0C05-BCDF-F5DAF47BA788}.Release|Any CPU.Build.0 = Release|Any CPU
		{771F9434-55BF-3C4A-DDF0-DD5E37A946B5}.Debug|Any CPU.ActiveCfg = Debug|Any CPU
		{771F9434-55BF-3C4A-DDF0-DD5E37A946B5}.Debug|Any CPU.Build.0 = Debug|Any CPU
		{771F9434-55BF-3C4A-DDF0-DD5E37A946B5}.Release|Any CPU.ActiveCfg = Release|Any CPU
		{771F9434-55BF-3C4A-DDF0-DD5E37A946B5}.Release|Any CPU.Build.0 = Release|Any CPU
		{B3975B25-FF93-892D-0D17-76AA59F6D185}.Debug|Any CPU.ActiveCfg = Debug|Any CPU
		{B3975B25-FF93-892D-0D17-76AA59F6D185}.Debug|Any CPU.Build.0 = Debug|Any CPU
		{B3975B25-FF93-892D-0D17-76AA59F6D185}.Release|Any CPU.ActiveCfg = Release|Any CPU
		{B3975B25-FF93-892D-0D17-76AA59F6D185}.Release|Any CPU.Build.0 = Release|Any CPU
		{B6EACCE7-1A38-79AC-5B8E-C974450D57A8}.Debug|Any CPU.ActiveCfg = Debug|Any CPU
		{B6EACCE7-1A38-79AC-5B8E-C974450D57A8}.Debug|Any CPU.Build.0 = Debug|Any CPU
		{B6EACCE7-1A38-79AC-5B8E-C974450D57A8}.Release|Any CPU.ActiveCfg = Release|Any CPU
		{B6EACCE7-1A38-79AC-5B8E-C974450D57A8}.Release|Any CPU.Build.0 = Release|Any CPU
		{D4B1E651-E10F-CC27-22C4-015CE4848A52}.Debug|Any CPU.ActiveCfg = Debug|Any CPU
		{D4B1E651-E10F-CC27-22C4-015CE4848A52}.Debug|Any CPU.Build.0 = Debug|Any CPU
		{D4B1E651-E10F-CC27-22C4-015CE4848A52}.Release|Any CPU.ActiveCfg = Release|Any CPU
		{D4B1E651-E10F-CC27-22C4-015CE4848A52}.Release|Any CPU.Build.0 = Release|Any CPU
		{7BDF3EB9-8C7E-3347-69A7-8E888E6A5FAA}.Debug|Any CPU.ActiveCfg = Debug|Any CPU
		{7BDF3EB9-8C7E-3347-69A7-8E888E6A5FAA}.Debug|Any CPU.Build.0 = Debug|Any CPU
		{7BDF3EB9-8C7E-3347-69A7-8E888E6A5FAA}.Release|Any CPU.ActiveCfg = Release|Any CPU
		{7BDF3EB9-8C7E-3347-69A7-8E888E6A5FAA}.Release|Any CPU.Build.0 = Release|Any CPU
		{B591F924-CEE9-BFF9-42F4-08F3642DB773}.Debug|Any CPU.ActiveCfg = Debug|Any CPU
		{B591F924-CEE9-BFF9-42F4-08F3642DB773}.Debug|Any CPU.Build.0 = Debug|Any CPU
		{B591F924-CEE9-BFF9-42F4-08F3642DB773}.Release|Any CPU.ActiveCfg = Release|Any CPU
		{B591F924-CEE9-BFF9-42F4-08F3642DB773}.Release|Any CPU.Build.0 = Release|Any CPU
		{DBBD80FC-1687-8A0C-0B60-846E8C39610C}.Debug|Any CPU.ActiveCfg = Debug|Any CPU
		{DBBD80FC-1687-8A0C-0B60-846E8C39610C}.Debug|Any CPU.Build.0 = Debug|Any CPU
		{DBBD80FC-1687-8A0C-0B60-846E8C39610C}.Release|Any CPU.ActiveCfg = Release|Any CPU
		{DBBD80FC-1687-8A0C-0B60-846E8C39610C}.Release|Any CPU.Build.0 = Release|Any CPU
		{2B82E34A-F535-9622-69C8-0699247EB64E}.Debug|Any CPU.ActiveCfg = Debug|Any CPU
		{2B82E34A-F535-9622-69C8-0699247EB64E}.Debug|Any CPU.Build.0 = Debug|Any CPU
		{2B82E34A-F535-9622-69C8-0699247EB64E}.Release|Any CPU.ActiveCfg = Release|Any CPU
		{2B82E34A-F535-9622-69C8-0699247EB64E}.Release|Any CPU.Build.0 = Release|Any CPU
		{952E1CDB-1140-9DA1-3198-9F68B5E2FB5A}.Debug|Any CPU.ActiveCfg = Debug|Any CPU
		{952E1CDB-1140-9DA1-3198-9F68B5E2FB5A}.Debug|Any CPU.Build.0 = Debug|Any CPU
		{952E1CDB-1140-9DA1-3198-9F68B5E2FB5A}.Release|Any CPU.ActiveCfg = Release|Any CPU
		{952E1CDB-1140-9DA1-3198-9F68B5E2FB5A}.Release|Any CPU.Build.0 = Release|Any CPU
		{9FFA4716-3BC0-247B-222E-3FA816EEC67E}.Debug|Any CPU.ActiveCfg = Debug|Any CPU
		{9FFA4716-3BC0-247B-222E-3FA816EEC67E}.Debug|Any CPU.Build.0 = Debug|Any CPU
		{9FFA4716-3BC0-247B-222E-3FA816EEC67E}.Release|Any CPU.ActiveCfg = Release|Any CPU
		{9FFA4716-3BC0-247B-222E-3FA816EEC67E}.Release|Any CPU.Build.0 = Release|Any CPU
		{8810B5B3-8627-313C-468C-EE866FDF7E14}.Debug|Any CPU.ActiveCfg = Debug|Any CPU
		{8810B5B3-8627-313C-468C-EE866FDF7E14}.Debug|Any CPU.Build.0 = Debug|Any CPU
		{8810B5B3-8627-313C-468C-EE866FDF7E14}.Release|Any CPU.ActiveCfg = Release|Any CPU
		{8810B5B3-8627-313C-468C-EE866FDF7E14}.Release|Any CPU.Build.0 = Release|Any CPU
		{2B3407B6-D8ED-B1EE-A39A-49C2FEEE6674}.Debug|Any CPU.ActiveCfg = Debug|Any CPU
		{2B3407B6-D8ED-B1EE-A39A-49C2FEEE6674}.Debug|Any CPU.Build.0 = Debug|Any CPU
		{2B3407B6-D8ED-B1EE-A39A-49C2FEEE6674}.Release|Any CPU.ActiveCfg = Release|Any CPU
		{2B3407B6-D8ED-B1EE-A39A-49C2FEEE6674}.Release|Any CPU.Build.0 = Release|Any CPU
		{58BD297D-6AA6-ED4F-979B-C9342F554883}.Debug|Any CPU.ActiveCfg = Debug|Any CPU
		{58BD297D-6AA6-ED4F-979B-C9342F554883}.Debug|Any CPU.Build.0 = Debug|Any CPU
		{58BD297D-6AA6-ED4F-979B-C9342F554883}.Release|Any CPU.ActiveCfg = Release|Any CPU
		{58BD297D-6AA6-ED4F-979B-C9342F554883}.Release|Any CPU.Build.0 = Release|Any CPU
		{C1D1CEF3-22D9-37F1-3D2A-5660ABF701B4}.Debug|Any CPU.ActiveCfg = Debug|Any CPU
		{C1D1CEF3-22D9-37F1-3D2A-5660ABF701B4}.Debug|Any CPU.Build.0 = Debug|Any CPU
		{C1D1CEF3-22D9-37F1-3D2A-5660ABF701B4}.Release|Any CPU.ActiveCfg = Release|Any CPU
		{C1D1CEF3-22D9-37F1-3D2A-5660ABF701B4}.Release|Any CPU.Build.0 = Release|Any CPU
		{D4156FAC-BA32-B62B-2BF4-3805A7A8D4B1}.Debug|Any CPU.ActiveCfg = Debug|Any CPU
		{D4156FAC-BA32-B62B-2BF4-3805A7A8D4B1}.Debug|Any CPU.Build.0 = Debug|Any CPU
		{D4156FAC-BA32-B62B-2BF4-3805A7A8D4B1}.Release|Any CPU.ActiveCfg = Release|Any CPU
		{D4156FAC-BA32-B62B-2BF4-3805A7A8D4B1}.Release|Any CPU.Build.0 = Release|Any CPU
		{3EA9007A-D27C-FA84-B05C-73F8426AA35D}.Debug|Any CPU.ActiveCfg = Debug|Any CPU
		{3EA9007A-D27C-FA84-B05C-73F8426AA35D}.Debug|Any CPU.Build.0 = Debug|Any CPU
		{3EA9007A-D27C-FA84-B05C-73F8426AA35D}.Release|Any CPU.ActiveCfg = Release|Any CPU
		{3EA9007A-D27C-FA84-B05C-73F8426AA35D}.Release|Any CPU.Build.0 = Release|Any CPU
		{7B6B9DE1-085B-092A-63DF-0E3C6BC3BE18}.Debug|Any CPU.ActiveCfg = Debug|Any CPU
		{7B6B9DE1-085B-092A-63DF-0E3C6BC3BE18}.Debug|Any CPU.Build.0 = Debug|Any CPU
		{7B6B9DE1-085B-092A-63DF-0E3C6BC3BE18}.Release|Any CPU.ActiveCfg = Release|Any CPU
		{7B6B9DE1-085B-092A-63DF-0E3C6BC3BE18}.Release|Any CPU.Build.0 = Release|Any CPU
		{B06D6719-CB9D-0A1E-4927-AFDE022D199B}.Debug|Any CPU.ActiveCfg = Debug|Any CPU
		{B06D6719-CB9D-0A1E-4927-AFDE022D199B}.Debug|Any CPU.Build.0 = Debug|Any CPU
		{B06D6719-CB9D-0A1E-4927-AFDE022D199B}.Release|Any CPU.ActiveCfg = Release|Any CPU
		{B06D6719-CB9D-0A1E-4927-AFDE022D199B}.Release|Any CPU.Build.0 = Release|Any CPU
		{506C17A8-FA71-F240-E6B9-BE0A20D411C9}.Debug|Any CPU.ActiveCfg = Debug|Any CPU
		{506C17A8-FA71-F240-E6B9-BE0A20D411C9}.Debug|Any CPU.Build.0 = Debug|Any CPU
		{506C17A8-FA71-F240-E6B9-BE0A20D411C9}.Release|Any CPU.ActiveCfg = Release|Any CPU
		{506C17A8-FA71-F240-E6B9-BE0A20D411C9}.Release|Any CPU.Build.0 = Release|Any CPU
		{DF8EC6BB-0D77-BB1F-00B4-733700080643}.Debug|Any CPU.ActiveCfg = Debug|Any CPU
		{DF8EC6BB-0D77-BB1F-00B4-733700080643}.Debug|Any CPU.Build.0 = Debug|Any CPU
		{DF8EC6BB-0D77-BB1F-00B4-733700080643}.Release|Any CPU.ActiveCfg = Release|Any CPU
		{DF8EC6BB-0D77-BB1F-00B4-733700080643}.Release|Any CPU.Build.0 = Release|Any CPU
		{2C9BB70E-7140-1428-BF9A-31D98438E681}.Debug|Any CPU.ActiveCfg = Debug|Any CPU
		{2C9BB70E-7140-1428-BF9A-31D98438E681}.Debug|Any CPU.Build.0 = Debug|Any CPU
		{2C9BB70E-7140-1428-BF9A-31D98438E681}.Release|Any CPU.ActiveCfg = Release|Any CPU
		{2C9BB70E-7140-1428-BF9A-31D98438E681}.Release|Any CPU.Build.0 = Release|Any CPU
		{1168DD12-F202-3877-869A-5B66433CA5F4}.Debug|Any CPU.ActiveCfg = Debug|Any CPU
		{1168DD12-F202-3877-869A-5B66433CA5F4}.Debug|Any CPU.Build.0 = Debug|Any CPU
		{1168DD12-F202-3877-869A-5B66433CA5F4}.Release|Any CPU.ActiveCfg = Release|Any CPU
		{1168DD12-F202-3877-869A-5B66433CA5F4}.Release|Any CPU.Build.0 = Release|Any CPU
		{28D3C6A8-C50B-6138-7AD5-A69967CF071B}.Debug|Any CPU.ActiveCfg = Debug|Any CPU
		{28D3C6A8-C50B-6138-7AD5-A69967CF071B}.Debug|Any CPU.Build.0 = Debug|Any CPU
		{28D3C6A8-C50B-6138-7AD5-A69967CF071B}.Release|Any CPU.ActiveCfg = Release|Any CPU
		{28D3C6A8-C50B-6138-7AD5-A69967CF071B}.Release|Any CPU.Build.0 = Release|Any CPU
	EndGlobalSection
	GlobalSection(SolutionProperties) = preSolution
		HideSolutionNode = FALSE
	EndGlobalSection
	GlobalSection(NestedProjects) = preSolution
		{B117D891-DB1C-06F8-F599-59598560C885} = {FBF56CC3-7AE6-AD2D-3F14-7F97FD322CD6}
		{8DD65F5A-2721-622F-04D1-E55E9D8195E2} = {FBF56CC3-7AE6-AD2D-3F14-7F97FD322CD6}
		{8CB8ABE5-395A-9DAA-D8E2-63D1215E6318} = {FBF56CC3-7AE6-AD2D-3F14-7F97FD322CD6}
		{99735083-A836-0C05-BCDF-F5DAF47BA788} = {FBF56CC3-7AE6-AD2D-3F14-7F97FD322CD6}
		{771F9434-55BF-3C4A-DDF0-DD5E37A946B5} = {FBF56CC3-7AE6-AD2D-3F14-7F97FD322CD6}
		{B3975B25-FF93-892D-0D17-76AA59F6D185} = {FBF56CC3-7AE6-AD2D-3F14-7F97FD322CD6}
		{B6EACCE7-1A38-79AC-5B8E-C974450D57A8} = {B41BF331-FCCB-2ADF-CDB6-767964B34647}
		{D4B1E651-E10F-CC27-22C4-015CE4848A52} = {DAD03CFC-D5FA-AC94-41C7-9ABAB326F09E}
		{7BDF3EB9-8C7E-3347-69A7-8E888E6A5FAA} = {0C88DD14-F956-CE84-757C-A364CCF449FC}
		{431BC4C1-7688-5450-08FD-B7E90ACBDCF4} = {B41BF331-FCCB-2ADF-CDB6-767964B34647}
		{B591F924-CEE9-BFF9-42F4-08F3642DB773} = {431BC4C1-7688-5450-08FD-B7E90ACBDCF4}
		{DBBD80FC-1687-8A0C-0B60-846E8C39610C} = {431BC4C1-7688-5450-08FD-B7E90ACBDCF4}
		{1C39F4A0-BCD4-AEEB-129F-1F504D22E0B6} = {B41BF331-FCCB-2ADF-CDB6-767964B34647}
		{2B82E34A-F535-9622-69C8-0699247EB64E} = {1C39F4A0-BCD4-AEEB-129F-1F504D22E0B6}
		{952E1CDB-1140-9DA1-3198-9F68B5E2FB5A} = {1C39F4A0-BCD4-AEEB-129F-1F504D22E0B6}
		{9FFA4716-3BC0-247B-222E-3FA816EEC67E} = {1C39F4A0-BCD4-AEEB-129F-1F504D22E0B6}
		{8810B5B3-8627-313C-468C-EE866FDF7E14} = {1C39F4A0-BCD4-AEEB-129F-1F504D22E0B6}
		{2B3407B6-D8ED-B1EE-A39A-49C2FEEE6674} = {1C39F4A0-BCD4-AEEB-129F-1F504D22E0B6}
		{58BD297D-6AA6-ED4F-979B-C9342F554883} = {1C39F4A0-BCD4-AEEB-129F-1F504D22E0B6}
		{C1D1CEF3-22D9-37F1-3D2A-5660ABF701B4} = {1C39F4A0-BCD4-AEEB-129F-1F504D22E0B6}
		{D4156FAC-BA32-B62B-2BF4-3805A7A8D4B1} = {1C39F4A0-BCD4-AEEB-129F-1F504D22E0B6}
		{3EA9007A-D27C-FA84-B05C-73F8426AA35D} = {1C39F4A0-BCD4-AEEB-129F-1F504D22E0B6}
		{7B6B9DE1-085B-092A-63DF-0E3C6BC3BE18} = {1C39F4A0-BCD4-AEEB-129F-1F504D22E0B6}
		{66F6481F-7247-0BB0-F72D-20705F77D403} = {DAD03CFC-D5FA-AC94-41C7-9ABAB326F09E}
		{B06D6719-CB9D-0A1E-4927-AFDE022D199B} = {66F6481F-7247-0BB0-F72D-20705F77D403}
		{506C17A8-FA71-F240-E6B9-BE0A20D411C9} = {66F6481F-7247-0BB0-F72D-20705F77D403}
		{EF7103B4-4C75-1E6D-A485-A154A88D107A} = {0C88DD14-F956-CE84-757C-A364CCF449FC}
		{DF8EC6BB-0D77-BB1F-00B4-733700080643} = {EF7103B4-4C75-1E6D-A485-A154A88D107A}
		{E99613DC-243F-05A6-3C9B-06BF4C0D559E} = {0C88DD14-F956-CE84-757C-A364CCF449FC}
		{2C9BB70E-7140-1428-BF9A-31D98438E681} = {E99613DC-243F-05A6-3C9B-06BF4C0D559E}
		{BD3D3D81-E5C6-D317-FCB5-961545C576B1} = {C993A330-B3FD-3C3C-1CAC-095AB00BEE2A}
		{1168DD12-F202-3877-869A-5B66433CA5F4} = {BD3D3D81-E5C6-D317-FCB5-961545C576B1}
		{28D3C6A8-C50B-6138-7AD5-A69967CF071B} = {BD3D3D81-E5C6-D317-FCB5-961545C576B1}
	EndGlobalSection
	GlobalSection(ExtensibilityGlobals) = postSolution
		SolutionGuid = {06159C59-B636-46C9-8CDB-CDF35D997C64}
	EndGlobalSection
EndGlobal
